{
    "_meta": {
        "hash": {
            "sha256": "3a6fedfb2efbcfb1ded398629b8e7e28e92eaf0b8a371460c17583553a480f94"
        },
        "pipfile-spec": 6,
        "requires": {
            "python_version": "3.8"
        },
        "sources": [
            {
                "name": "pypi",
                "url": "https://pypi.org/simple",
                "verify_ssl": true
            }
        ]
    },
    "default": {
        "cx-freeze": {
            "hashes": [
                "sha256:055a5fd0c4218c28723104977c4067d3d105e54855a8ebf55dc590cfa8e33cd0",
                "sha256:218d4a5d58e9fc0895c1c398f52e7879c3608a644258a34b6407128efbb75c48",
                "sha256:30d155a492bbfebaba904a45f6efc5d75a2c6f8da1e50399b0a71ad0947d02e2",
                "sha256:38987cd96e52559d32553efa83aaa248373de8bb72cc5987157a6cad99826efe",
                "sha256:5de019ff7a3911f3ffcbb56d765e7f6876f8fefb0fed7a1f017fb420df8bac7b",
                "sha256:7ac7be3ec6a116beb97fe9a0a2d87a1bbf24f1f414c9a13ebc96508b658a033b",
                "sha256:a3f1e08fec6aa36eb09919475e67de630009ade3273460822ebc02d4d91cb0f6",
                "sha256:ca11404517a99799989ca02bd599ed2b2d9789251ce48c2acbc73e7c22b60269",
                "sha256:e8d5eb93f519aefa01716c628ed1f41552fc9d7ce2da6fd546dc3a06fe45c541"
            ],
            "index": "pypi",
            "version": "==6.8.2"
        },
        "cx-logging": {
            "hashes": [
                "sha256:04e4b61e2636dc8ae135937655af6626362aefc7f6175e86888a244b61001823",
                "sha256:0df4be47c5022cc54316949e283403214568ef599817ced0c0972183d6d4fabb",
                "sha256:1bf0ebc79a7baa331c7deaf57088c234b82710286dfad453ff0c55eee0122b72",
                "sha256:203ca92ee7c15d5dfe1fcdfcef7b39d0123eba5c6d8c2388b6e7db6b961a5362",
                "sha256:20daa71b2a30f61d09bcf55dbda002c10f0c7c691f53cb393fc6485410fa2484",
                "sha256:302e9c4f65a936c288a4fa59a90e7e142d9ef994aa29676731acafdcccdbb3f5",
                "sha256:5be5f905e8d34a3326e28d428674cdc2d57912fdf6e25b8676d63f76294eb4e0",
                "sha256:9fcd297e5c51470521c47eff0f86ba844aeca6be97e13c3e2114ebdf03fa3c96",
                "sha256:b6f4a9b750e02a180517f779d174a1c7db651981cd37e5623235b87da9774dfd",
                "sha256:ba8a7465facf7b98d8f494030fb481a2e8aeee29dc191e10383bb54ed42bdb34",
                "sha256:bb2e91019e5905415f795eef994de60ace5ae186fc4fe3d358e2d8feebb24992",
                "sha256:d98a59a47e99fa430b3f6d2a979e27509852d2c43e204f43bd0168e7ec97f469",
                "sha256:e7cca28e8ee4082654b6062cc4d06f83d48f1a7e2d152bab020c9e3e373afb90"
            ],
            "markers": "sys_platform == 'win32'",
            "version": "==3.0"
        },
        "importlib-metadata": {
            "hashes": [
                "sha256:53ccfd5c134223e497627b9815d5030edf77d2ed573922f7a0b8f8bb81a1c100",
                "sha256:75bdec14c397f528724c1bfd9709d660b33a4d2e77387a3358f20b848bb5e5fb"
            ],
            "markers": "python_version >= '3.6'",
            "version": "==4.8.2"
        },
        "pysimplegui": {
            "hashes": [
                "sha256:9d40c0a0c2b4c3d2ee935854e48d724f508ae68123f4bac8072612dd9e707dec",
                "sha256:dac8a7d43c246c68bb3c6cdabb0b0abb369df8a7bf3f246d6144e64b6e9330b4"
            ],
            "index": "pypi",
            "version": "==4.55.1"
        },
        "zipp": {
            "hashes": [
                "sha256:71c644c5369f4a6e07636f0aa966270449561fcea2e3d6747b8d23efaa9d7832",
                "sha256:9fe5ea21568a0a70e50f273397638d39b03353731e6cbbb3fd8502a33fec40bc"
            ],
            "markers": "python_version >= '3.6'",
            "version": "==3.6.0"
        }
    },
    "develop": {}
}
